
Microsoft Visual Studio Solution File, Format Version 12.00
# Visual Studio Version 16
VisualStudioVersion = 16.0.30611.23
MinimumVisualStudioVersion = 10.0.40219.1
Project("{2150E333-8FDC-42A3-9474-1A3956D46DE8}") = "Plugins", "Plugins", "{7F0CDB0D-CEDD-427C-B7FD-8609D3AD9B27}"
EndProject
Project("{FAE04EC0-301F-11D3-BF4B-00C04F79EFBC}") = "Greeting", "Greeting\Greeting.csproj", "{41DACB22-585A-4AA2-A48D-7B15EAC0C7F8}"
EndProject
Project("{2150E333-8FDC-42A3-9474-1A3956D46DE8}") = "Core", "Core", "{3EBB3C73-C3EA-4F91-9334-1C488A3DA08B}"
EndProject
Project("{FAE04EC0-301F-11D3-BF4B-00C04F79EFBC}") = "InternetSearch", "InternetSearch\InternetSearch.csproj", "{BD565D6A-510F-460B-BEC9-1DBEEA9D2564}"
EndProject
Project("{2150E333-8FDC-42A3-9474-1A3956D46DE8}") = "Infrustructure", "Infrustructure", "{8C39FFE9-355F-42B9-8C17-C5FD5330CDD3}"
EndProject
Project("{FAE04EC0-301F-11D3-BF4B-00C04F79EFBC}") = "CooCoo", "CooCoo\CooCoo.csproj", "{332DB751-F1A6-4EEE-AEA2-CFE9FDD6A804}"
EndProject
Project("{FAE04EC0-301F-11D3-BF4B-00C04F79EFBC}") = "CooCoo.Body", "CooCoo.Body\CooCoo.Body.csproj", "{76FEFC30-E8B5-4912-A232-0B053F3EE33A}"
EndProject
Project("{FAE04EC0-301F-11D3-BF4B-00C04F79EFBC}") = "Bootstrapper", "Bootstrapper\Bootstrapper.csproj", "{A6AFB1CF-83B9-4A4B-A4A3-BE2DCBEEF702}"
EndProject
Project("{FAE04EC0-301F-11D3-BF4B-00C04F79EFBC}") = "CooCoo.Brain", "CooCoo.Brain\CooCoo.Brain.csproj", "{7E571FA6-2C9E-4BC3-9F9F-7D24857690CE}"
EndProject
Project("{FAE04EC0-301F-11D3-BF4B-00C04F79EFBC}") = "CooCoo.Ear", "CooCoo.Ear\CooCoo.Ear.csproj", "{71BFFCB7-392C-407D-9C00-96CB51E88319}"
EndProject
Project("{FAE04EC0-301F-11D3-BF4B-00C04F79EFBC}") = "CooCoo.Memory", "CooCoo.Memory\CooCoo.Memory.csproj", "{E6FCA5D2-0A7B-4B05-94F1-4E7AC14CD25F}"
EndProject
Project("{FAE04EC0-301F-11D3-BF4B-00C04F79EFBC}") = "CooCoo.Mouth", "CooCoo.Mouth\CooCoo.Mouth.csproj", "{C521556B-846F-4675-AA5E-2877AE03D4FA}"
EndProject
Global
	GlobalSection(SolutionConfigurationPlatforms) = preSolution
		Debug|Any CPU = Debug|Any CPU
		Release|Any CPU = Release|Any CPU
	EndGlobalSection
	GlobalSection(ProjectConfigurationPlatforms) = postSolution
		{41DACB22-585A-4AA2-A48D-7B15EAC0C7F8}.Debug|Any CPU.ActiveCfg = Debug|Any CPU
		{41DACB22-585A-4AA2-A48D-7B15EAC0C7F8}.Debug|Any CPU.Build.0 = Debug|Any CPU
		{41DACB22-585A-4AA2-A48D-7B15EAC0C7F8}.Release|Any CPU.ActiveCfg = Release|Any CPU
		{41DACB22-585A-4AA2-A48D-7B15EAC0C7F8}.Release|Any CPU.Build.0 = Release|Any CPU
		{BD565D6A-510F-460B-BEC9-1DBEEA9D2564}.Debug|Any CPU.ActiveCfg = Debug|Any CPU
		{BD565D6A-510F-460B-BEC9-1DBEEA9D2564}.Debug|Any CPU.Build.0 = Debug|Any CPU
		{BD565D6A-510F-460B-BEC9-1DBEEA9D2564}.Release|Any CPU.ActiveCfg = Release|Any CPU
		{BD565D6A-510F-460B-BEC9-1DBEEA9D2564}.Release|Any CPU.Build.0 = Release|Any CPU
		{332DB751-F1A6-4EEE-AEA2-CFE9FDD6A804}.Debug|Any CPU.ActiveCfg = Debug|Any CPU
		{332DB751-F1A6-4EEE-AEA2-CFE9FDD6A804}.Debug|Any CPU.Build.0 = Debug|Any CPU
		{332DB751-F1A6-4EEE-AEA2-CFE9FDD6A804}.Release|Any CPU.ActiveCfg = Release|Any CPU
		{332DB751-F1A6-4EEE-AEA2-CFE9FDD6A804}.Release|Any CPU.Build.0 = Release|Any CPU
		{76FEFC30-E8B5-4912-A232-0B053F3EE33A}.Debug|Any CPU.ActiveCfg = Debug|Any CPU
		{76FEFC30-E8B5-4912-A232-0B053F3EE33A}.Debug|Any CPU.Build.0 = Debug|Any CPU
		{76FEFC30-E8B5-4912-A232-0B053F3EE33A}.Release|Any CPU.ActiveCfg = Release|Any CPU
		{76FEFC30-E8B5-4912-A232-0B053F3EE33A}.Release|Any CPU.Build.0 = Release|Any CPU
		{A6AFB1CF-83B9-4A4B-A4A3-BE2DCBEEF702}.Debug|Any CPU.ActiveCfg = Debug|Any CPU
		{A6AFB1CF-83B9-4A4B-A4A3-BE2DCBEEF702}.Debug|Any CPU.Build.0 = Debug|Any CPU
		{A6AFB1CF-83B9-4A4B-A4A3-BE2DCBEEF702}.Release|Any CPU.ActiveCfg = Release|Any CPU
		{A6AFB1CF-83B9-4A4B-A4A3-BE2DCBEEF702}.Release|Any CPU.Build.0 = Release|Any CPU
		{7E571FA6-2C9E-4BC3-9F9F-7D24857690CE}.Debug|Any CPU.ActiveCfg = Debug|Any CPU
		{7E571FA6-2C9E-4BC3-9F9F-7D24857690CE}.Debug|Any CPU.Build.0 = Debug|Any CPU
		{7E571FA6-2C9E-4BC3-9F9F-7D24857690CE}.Release|Any CPU.ActiveCfg = Release|Any CPU
		{7E571FA6-2C9E-4BC3-9F9F-7D24857690CE}.Release|Any CPU.Build.0 = Release|Any CPU
		{71BFFCB7-392C-407D-9C00-96CB51E88319}.Debug|Any CPU.ActiveCfg = Debug|Any CPU
		{71BFFCB7-392C-407D-9C00-96CB51E88319}.Debug|Any CPU.Build.0 = Debug|Any CPU
		{71BFFCB7-392C-407D-9C00-96CB51E88319}.Release|Any CPU.ActiveCfg = Release|Any CPU
		{71BFFCB7-392C-407D-9C00-96CB51E88319}.Release|Any CPU.Build.0 = Release|Any CPU
		{E6FCA5D2-0A7B-4B05-94F1-4E7AC14CD25F}.Debug|Any CPU.ActiveCfg = Debug|Any CPU
		{E6FCA5D2-0A7B-4B05-94F1-4E7AC14CD25F}.Debug|Any CPU.Build.0 = Debug|Any CPU
		{E6FCA5D2-0A7B-4B05-94F1-4E7AC14CD25F}.Release|Any CPU.ActiveCfg = Release|Any CPU
		{E6FCA5D2-0A7B-4B05-94F1-4E7AC14CD25F}.Release|Any CPU.Build.0 = Release|Any CPU
		{C521556B-846F-4675-AA5E-2877AE03D4FA}.Debug|Any CPU.ActiveCfg = Debug|Any CPU
		{C521556B-846F-4675-AA5E-2877AE03D4FA}.Debug|Any CPU.Build.0 = Debug|Any CPU
		{C521556B-846F-4675-AA5E-2877AE03D4FA}.Release|Any CPU.ActiveCfg = Release|Any CPU
		{C521556B-846F-4675-AA5E-2877AE03D4FA}.Release|Any CPU.Build.0 = Release|Any CPU
	EndGlobalSection
	GlobalSection(SolutionProperties) = preSolution
		HideSolutionNode = FALSE
	EndGlobalSection
	GlobalSection(NestedProjects) = preSolution
		{41DACB22-585A-4AA2-A48D-7B15EAC0C7F8} = {7F0CDB0D-CEDD-427C-B7FD-8609D3AD9B27}
		{BD565D6A-510F-460B-BEC9-1DBEEA9D2564} = {7F0CDB0D-CEDD-427C-B7FD-8609D3AD9B27}
		{332DB751-F1A6-4EEE-AEA2-CFE9FDD6A804} = {3EBB3C73-C3EA-4F91-9334-1C488A3DA08B}
		{76FEFC30-E8B5-4912-A232-0B053F3EE33A} = {3EBB3C73-C3EA-4F91-9334-1C488A3DA08B}
		{7E571FA6-2C9E-4BC3-9F9F-7D24857690CE} = {3EBB3C73-C3EA-4F91-9334-1C488A3DA08B}
		{71BFFCB7-392C-407D-9C00-96CB51E88319} = {3EBB3C73-C3EA-4F91-9334-1C488A3DA08B}
		{E6FCA5D2-0A7B-4B05-94F1-4E7AC14CD25F} = {3EBB3C73-C3EA-4F91-9334-1C488A3DA08B}
		{C521556B-846F-4675-AA5E-2877AE03D4FA} = {3EBB3C73-C3EA-4F91-9334-1C488A3DA08B}
	EndGlobalSection
	GlobalSection(ExtensibilityGlobals) = postSolution
		SolutionGuid = {33D2EB26-19C0-455B-A451-CC69C5BCFFE8}
	EndGlobalSection
EndGlobal
