
Microsoft Visual Studio Solution File, Format Version 12.00
# Visual Studio 15
VisualStudioVersion = 15.0.28307.779
MinimumVisualStudioVersion = 10.0.40219.1
Project("{FAE04EC0-301F-11D3-BF4B-00C04F79EFBC}") = "Speech", "Speech\Speech.csproj", "{456B6CD2-93B4-4B99-8B62-39A5E81DDFBC}"
EndProject
Project("{FAE04EC0-301F-11D3-BF4B-00C04F79EFBC}") = "Command", "Command\Command.csproj", "{AF797602-02A5-44A1-9B67-21457701FF18}"
EndProject
Project("{2150E333-8FDC-42A3-9474-1A3956D46DE8}") = "Plugins", "Plugins", "{7F0CDB0D-CEDD-427C-B7FD-8609D3AD9B27}"
EndProject
Project("{FAE04EC0-301F-11D3-BF4B-00C04F79EFBC}") = "Greeting", "Greeting\Greeting.csproj", "{41DACB22-585A-4AA2-A48D-7B15EAC0C7F8}"
EndProject
Project("{FAE04EC0-301F-11D3-BF4B-00C04F79EFBC}") = "CooCooUI", "CooCooUI\CooCooUI.csproj", "{C0ED70B8-6373-4C40-9954-B9B76561D346}"
EndProject
Project("{2150E333-8FDC-42A3-9474-1A3956D46DE8}") = "Core", "Core", "{3EBB3C73-C3EA-4F91-9334-1C488A3DA08B}"
EndProject
Project("{FAE04EC0-301F-11D3-BF4B-00C04F79EFBC}") = "InternetSearch", "InternetSearch\InternetSearch.csproj", "{BD565D6A-510F-460B-BEC9-1DBEEA9D2564}"
EndProject
Project("{FAE04EC0-301F-11D3-BF4B-00C04F79EFBC}") = "Telegram", "Telegram\Telegram.csproj", "{48428EE1-AB5C-411C-9430-218106DDB034}"
EndProject
Project("{FAE04EC0-301F-11D3-BF4B-00C04F79EFBC}") = "CooCoo", "CooCoo\CooCoo.csproj", "{5714E44E-9B2B-4471-8A10-9EB339E67DCE}"
EndProject
Global
	GlobalSection(SolutionConfigurationPlatforms) = preSolution
		Debug|Any CPU = Debug|Any CPU
		Release|Any CPU = Release|Any CPU
	EndGlobalSection
	GlobalSection(ProjectConfigurationPlatforms) = postSolution
		{456B6CD2-93B4-4B99-8B62-39A5E81DDFBC}.Debug|Any CPU.ActiveCfg = Debug|Any CPU
		{456B6CD2-93B4-4B99-8B62-39A5E81DDFBC}.Debug|Any CPU.Build.0 = Debug|Any CPU
		{456B6CD2-93B4-4B99-8B62-39A5E81DDFBC}.Release|Any CPU.ActiveCfg = Release|Any CPU
		{456B6CD2-93B4-4B99-8B62-39A5E81DDFBC}.Release|Any CPU.Build.0 = Release|Any CPU
		{AF797602-02A5-44A1-9B67-21457701FF18}.Debug|Any CPU.ActiveCfg = Debug|Any CPU
		{AF797602-02A5-44A1-9B67-21457701FF18}.Debug|Any CPU.Build.0 = Debug|Any CPU
		{AF797602-02A5-44A1-9B67-21457701FF18}.Release|Any CPU.ActiveCfg = Release|Any CPU
		{AF797602-02A5-44A1-9B67-21457701FF18}.Release|Any CPU.Build.0 = Release|Any CPU
		{41DACB22-585A-4AA2-A48D-7B15EAC0C7F8}.Debug|Any CPU.ActiveCfg = Debug|Any CPU
		{41DACB22-585A-4AA2-A48D-7B15EAC0C7F8}.Debug|Any CPU.Build.0 = Debug|Any CPU
		{41DACB22-585A-4AA2-A48D-7B15EAC0C7F8}.Release|Any CPU.ActiveCfg = Release|Any CPU
		{41DACB22-585A-4AA2-A48D-7B15EAC0C7F8}.Release|Any CPU.Build.0 = Release|Any CPU
		{C0ED70B8-6373-4C40-9954-B9B76561D346}.Debug|Any CPU.ActiveCfg = Debug|Any CPU
		{C0ED70B8-6373-4C40-9954-B9B76561D346}.Debug|Any CPU.Build.0 = Debug|Any CPU
		{C0ED70B8-6373-4C40-9954-B9B76561D346}.Release|Any CPU.ActiveCfg = Release|Any CPU
		{C0ED70B8-6373-4C40-9954-B9B76561D346}.Release|Any CPU.Build.0 = Release|Any CPU
		{BD565D6A-510F-460B-BEC9-1DBEEA9D2564}.Debug|Any CPU.ActiveCfg = Debug|Any CPU
		{BD565D6A-510F-460B-BEC9-1DBEEA9D2564}.Debug|Any CPU.Build.0 = Debug|Any CPU
		{BD565D6A-510F-460B-BEC9-1DBEEA9D2564}.Release|Any CPU.ActiveCfg = Release|Any CPU
		{BD565D6A-510F-460B-BEC9-1DBEEA9D2564}.Release|Any CPU.Build.0 = Release|Any CPU
		{48428EE1-AB5C-411C-9430-218106DDB034}.Debug|Any CPU.ActiveCfg = Debug|Any CPU
		{48428EE1-AB5C-411C-9430-218106DDB034}.Debug|Any CPU.Build.0 = Debug|Any CPU
		{48428EE1-AB5C-411C-9430-218106DDB034}.Release|Any CPU.ActiveCfg = Release|Any CPU
		{48428EE1-AB5C-411C-9430-218106DDB034}.Release|Any CPU.Build.0 = Release|Any CPU
		{5714E44E-9B2B-4471-8A10-9EB339E67DCE}.Debug|Any CPU.ActiveCfg = Debug|Any CPU
		{5714E44E-9B2B-4471-8A10-9EB339E67DCE}.Debug|Any CPU.Build.0 = Debug|Any CPU
		{5714E44E-9B2B-4471-8A10-9EB339E67DCE}.Release|Any CPU.ActiveCfg = Release|Any CPU
		{5714E44E-9B2B-4471-8A10-9EB339E67DCE}.Release|Any CPU.Build.0 = Release|Any CPU
	EndGlobalSection
	GlobalSection(SolutionProperties) = preSolution
		HideSolutionNode = FALSE
	EndGlobalSection
	GlobalSection(NestedProjects) = preSolution
		{456B6CD2-93B4-4B99-8B62-39A5E81DDFBC} = {3EBB3C73-C3EA-4F91-9334-1C488A3DA08B}
		{AF797602-02A5-44A1-9B67-21457701FF18} = {3EBB3C73-C3EA-4F91-9334-1C488A3DA08B}
		{41DACB22-585A-4AA2-A48D-7B15EAC0C7F8} = {7F0CDB0D-CEDD-427C-B7FD-8609D3AD9B27}
		{C0ED70B8-6373-4C40-9954-B9B76561D346} = {3EBB3C73-C3EA-4F91-9334-1C488A3DA08B}
		{BD565D6A-510F-460B-BEC9-1DBEEA9D2564} = {7F0CDB0D-CEDD-427C-B7FD-8609D3AD9B27}
		{48428EE1-AB5C-411C-9430-218106DDB034} = {3EBB3C73-C3EA-4F91-9334-1C488A3DA08B}
		{5714E44E-9B2B-4471-8A10-9EB339E67DCE} = {3EBB3C73-C3EA-4F91-9334-1C488A3DA08B}
	EndGlobalSection
	GlobalSection(ExtensibilityGlobals) = postSolution
		SolutionGuid = {33D2EB26-19C0-455B-A451-CC69C5BCFFE8}
	EndGlobalSection
EndGlobal
