
Microsoft Visual Studio Solution File, Format Version 12.00
# Visual Studio 15
VisualStudioVersion = 15.0.28307.779
MinimumVisualStudioVersion = 10.0.40219.1
Project("{FAE04EC0-301F-11D3-BF4B-00C04F79EFBC}") = "Ear", "Speech\Ear.csproj", "{456B6CD2-93B4-4B99-8B62-39A5E81DDFBC}"
EndProject
Project("{FAE04EC0-301F-11D3-BF4B-00C04F79EFBC}") = "PluginBase", "Command\PluginBase.csproj", "{AF797602-02A5-44A1-9B67-21457701FF18}"
EndProject
Project("{2150E333-8FDC-42A3-9474-1A3956D46DE8}") = "Plugins", "Plugins", "{7F0CDB0D-CEDD-427C-B7FD-8609D3AD9B27}"
EndProject
Project("{FAE04EC0-301F-11D3-BF4B-00C04F79EFBC}") = "Greeting", "Greeting\Greeting.csproj", "{41DACB22-585A-4AA2-A48D-7B15EAC0C7F8}"
EndProject
Project("{FAE04EC0-301F-11D3-BF4B-00C04F79EFBC}") = "CooCooUI", "CooCooUI\CooCooUI.csproj", "{C0ED70B8-6373-4C40-9954-B9B76561D346}"
EndProject
Project("{2150E333-8FDC-42A3-9474-1A3956D46DE8}") = "Core", "Core", "{3EBB3C73-C3EA-4F91-9334-1C488A3DA08B}"
EndProject
Project("{FAE04EC0-301F-11D3-BF4B-00C04F79EFBC}") = "InternetSearch", "InternetSearch\InternetSearch.csproj", "{BD565D6A-510F-460B-BEC9-1DBEEA9D2564}"
EndProject
Project("{FAE04EC0-301F-11D3-BF4B-00C04F79EFBC}") = "CooCoo", "CooCoo\CooCoo.csproj", "{5714E44E-9B2B-4471-8A10-9EB339E67DCE}"
EndProject
Project("{2150E333-8FDC-42A3-9474-1A3956D46DE8}") = "Infrustructure", "Infrustructure", "{8C39FFE9-355F-42B9-8C17-C5FD5330CDD3}"
EndProject
Project("{FAE04EC0-301F-11D3-BF4B-00C04F79EFBC}") = "Mouth", "Mouth\Mouth.csproj", "{397CCB9E-13BB-49FF-80E1-F544321E0369}"
EndProject
Project("{FAE04EC0-301F-11D3-BF4B-00C04F79EFBC}") = "Brain", "Brain\Brain.csproj", "{7E94657F-E003-4AA3-A29C-AD71344B20A2}"
EndProject
Project("{FAE04EC0-301F-11D3-BF4B-00C04F79EFBC}") = "Body", "Body\Body.csproj", "{5780964E-8A93-40CB-B868-CB0957A522B0}"
EndProject
Project("{2150E333-8FDC-42A3-9474-1A3956D46DE8}") = "Uis", "Uis", "{5AE867E0-3601-4855-A702-C2D0F243A5E3}"
EndProject
Global
	GlobalSection(SolutionConfigurationPlatforms) = preSolution
		Debug|Any CPU = Debug|Any CPU
		Release|Any CPU = Release|Any CPU
	EndGlobalSection
	GlobalSection(ProjectConfigurationPlatforms) = postSolution
		{456B6CD2-93B4-4B99-8B62-39A5E81DDFBC}.Debug|Any CPU.ActiveCfg = Debug|Any CPU
		{456B6CD2-93B4-4B99-8B62-39A5E81DDFBC}.Debug|Any CPU.Build.0 = Debug|Any CPU
		{456B6CD2-93B4-4B99-8B62-39A5E81DDFBC}.Release|Any CPU.ActiveCfg = Release|Any CPU
		{456B6CD2-93B4-4B99-8B62-39A5E81DDFBC}.Release|Any CPU.Build.0 = Release|Any CPU
		{AF797602-02A5-44A1-9B67-21457701FF18}.Debug|Any CPU.ActiveCfg = Debug|Any CPU
		{AF797602-02A5-44A1-9B67-21457701FF18}.Debug|Any CPU.Build.0 = Debug|Any CPU
		{AF797602-02A5-44A1-9B67-21457701FF18}.Release|Any CPU.ActiveCfg = Release|Any CPU
		{AF797602-02A5-44A1-9B67-21457701FF18}.Release|Any CPU.Build.0 = Release|Any CPU
		{41DACB22-585A-4AA2-A48D-7B15EAC0C7F8}.Debug|Any CPU.ActiveCfg = Debug|Any CPU
		{41DACB22-585A-4AA2-A48D-7B15EAC0C7F8}.Debug|Any CPU.Build.0 = Debug|Any CPU
		{41DACB22-585A-4AA2-A48D-7B15EAC0C7F8}.Release|Any CPU.ActiveCfg = Release|Any CPU
		{41DACB22-585A-4AA2-A48D-7B15EAC0C7F8}.Release|Any CPU.Build.0 = Release|Any CPU
		{C0ED70B8-6373-4C40-9954-B9B76561D346}.Debug|Any CPU.ActiveCfg = Debug|Any CPU
		{C0ED70B8-6373-4C40-9954-B9B76561D346}.Debug|Any CPU.Build.0 = Debug|Any CPU
		{C0ED70B8-6373-4C40-9954-B9B76561D346}.Release|Any CPU.ActiveCfg = Release|Any CPU
		{C0ED70B8-6373-4C40-9954-B9B76561D346}.Release|Any CPU.Build.0 = Release|Any CPU
		{BD565D6A-510F-460B-BEC9-1DBEEA9D2564}.Debug|Any CPU.ActiveCfg = Debug|Any CPU
		{BD565D6A-510F-460B-BEC9-1DBEEA9D2564}.Debug|Any CPU.Build.0 = Debug|Any CPU
		{BD565D6A-510F-460B-BEC9-1DBEEA9D2564}.Release|Any CPU.ActiveCfg = Release|Any CPU
		{BD565D6A-510F-460B-BEC9-1DBEEA9D2564}.Release|Any CPU.Build.0 = Release|Any CPU
		{5714E44E-9B2B-4471-8A10-9EB339E67DCE}.Debug|Any CPU.ActiveCfg = Debug|Any CPU
		{5714E44E-9B2B-4471-8A10-9EB339E67DCE}.Debug|Any CPU.Build.0 = Debug|Any CPU
		{5714E44E-9B2B-4471-8A10-9EB339E67DCE}.Release|Any CPU.ActiveCfg = Release|Any CPU
		{5714E44E-9B2B-4471-8A10-9EB339E67DCE}.Release|Any CPU.Build.0 = Release|Any CPU
		{397CCB9E-13BB-49FF-80E1-F544321E0369}.Debug|Any CPU.ActiveCfg = Debug|Any CPU
		{397CCB9E-13BB-49FF-80E1-F544321E0369}.Debug|Any CPU.Build.0 = Debug|Any CPU
		{397CCB9E-13BB-49FF-80E1-F544321E0369}.Release|Any CPU.ActiveCfg = Release|Any CPU
		{397CCB9E-13BB-49FF-80E1-F544321E0369}.Release|Any CPU.Build.0 = Release|Any CPU
		{7E94657F-E003-4AA3-A29C-AD71344B20A2}.Debug|Any CPU.ActiveCfg = Debug|Any CPU
		{7E94657F-E003-4AA3-A29C-AD71344B20A2}.Debug|Any CPU.Build.0 = Debug|Any CPU
		{7E94657F-E003-4AA3-A29C-AD71344B20A2}.Release|Any CPU.ActiveCfg = Release|Any CPU
		{7E94657F-E003-4AA3-A29C-AD71344B20A2}.Release|Any CPU.Build.0 = Release|Any CPU
		{5780964E-8A93-40CB-B868-CB0957A522B0}.Debug|Any CPU.ActiveCfg = Debug|Any CPU
		{5780964E-8A93-40CB-B868-CB0957A522B0}.Debug|Any CPU.Build.0 = Debug|Any CPU
		{5780964E-8A93-40CB-B868-CB0957A522B0}.Release|Any CPU.ActiveCfg = Release|Any CPU
		{5780964E-8A93-40CB-B868-CB0957A522B0}.Release|Any CPU.Build.0 = Release|Any CPU
	EndGlobalSection
	GlobalSection(SolutionProperties) = preSolution
		HideSolutionNode = FALSE
	EndGlobalSection
	GlobalSection(NestedProjects) = preSolution
		{456B6CD2-93B4-4B99-8B62-39A5E81DDFBC} = {8C39FFE9-355F-42B9-8C17-C5FD5330CDD3}
		{AF797602-02A5-44A1-9B67-21457701FF18} = {3EBB3C73-C3EA-4F91-9334-1C488A3DA08B}
		{41DACB22-585A-4AA2-A48D-7B15EAC0C7F8} = {7F0CDB0D-CEDD-427C-B7FD-8609D3AD9B27}
		{C0ED70B8-6373-4C40-9954-B9B76561D346} = {5AE867E0-3601-4855-A702-C2D0F243A5E3}
		{BD565D6A-510F-460B-BEC9-1DBEEA9D2564} = {7F0CDB0D-CEDD-427C-B7FD-8609D3AD9B27}
		{5714E44E-9B2B-4471-8A10-9EB339E67DCE} = {3EBB3C73-C3EA-4F91-9334-1C488A3DA08B}
		{397CCB9E-13BB-49FF-80E1-F544321E0369} = {8C39FFE9-355F-42B9-8C17-C5FD5330CDD3}
		{7E94657F-E003-4AA3-A29C-AD71344B20A2} = {8C39FFE9-355F-42B9-8C17-C5FD5330CDD3}
		{5780964E-8A93-40CB-B868-CB0957A522B0} = {8C39FFE9-355F-42B9-8C17-C5FD5330CDD3}
	EndGlobalSection
	GlobalSection(ExtensibilityGlobals) = postSolution
		SolutionGuid = {33D2EB26-19C0-455B-A451-CC69C5BCFFE8}
	EndGlobalSection
EndGlobal
